
Microsoft Visual Studio Solution File, Format Version 12.00
# Visual Studio Version 17
VisualStudioVersion = 17.9.34310.174
MinimumVisualStudioVersion = 10.0.40219.1
Project("{9A19103F-16F7-4668-BE54-9A1E7A4F7556}") = "LimbusCompany.FixCacheError", "LimbusCompanyFixCacheError\LimbusCompany.FixCacheError.csproj", "{AD32B323-50D5-4952-AFFD-9419EBF06ECA}"
EndProject
Global
	GlobalSection(SolutionConfigurationPlatforms) = preSolution
		Debug|Any CPU = Debug|Any CPU
		Release|Any CPU = Release|Any CPU
	EndGlobalSection
	GlobalSection(ProjectConfigurationPlatforms) = postSolution
		{AD32B323-50D5-4952-AFFD-9419EBF06ECA}.Debug|Any CPU.ActiveCfg = Debug|Any CPU
		{AD32B323-50D5-4952-AFFD-9419EBF06ECA}.Debug|Any CPU.Build.0 = Debug|Any CPU
		{AD32B323-50D5-4952-AFFD-9419EBF06ECA}.Release|Any CPU.ActiveCfg = Release|Any CPU
		{AD32B323-50D5-4952-AFFD-9419EBF06ECA}.Release|Any CPU.Build.0 = Release|Any CPU
	EndGlobalSection
	GlobalSection(SolutionProperties) = preSolution
		HideSolutionNode = FALSE
	EndGlobalSection
	GlobalSection(ExtensibilityGlobals) = postSolution
		SolutionGuid = {CBECE69A-DDE1-4722-82C8-3AC5E6D03230}
	EndGlobalSection
EndGlobal
